
Microsoft Visual Studio Solution File, Format Version 12.00
# Visual Studio Version 17
VisualStudioVersion = 17.3.32929.385
MinimumVisualStudioVersion = 10.0.40219.1
Project("{FAE04EC0-301F-11D3-BF4B-00C04F79EFBC}") = "WpfApp3", "WpfApp3\WpfApp3.csproj", "{EB5ACDA3-BB37-4812-AFC3-99F2D961B163}"
EndProject
Global
	GlobalSection(SolutionConfigurationPlatforms) = preSolution
		Debug|Any CPU = Debug|Any CPU
		Release|Any CPU = Release|Any CPU
	EndGlobalSection
	GlobalSection(ProjectConfigurationPlatforms) = postSolution
		{EB5ACDA3-BB37-4812-AFC3-99F2D961B163}.Debug|Any CPU.ActiveCfg = Debug|Any CPU
		{EB5ACDA3-BB37-4812-AFC3-99F2D961B163}.Debug|Any CPU.Build.0 = Debug|Any CPU
		{EB5ACDA3-BB37-4812-AFC3-99F2D961B163}.Release|Any CPU.ActiveCfg = Release|Any CPU
		{EB5ACDA3-BB37-4812-AFC3-99F2D961B163}.Release|Any CPU.Build.0 = Release|Any CPU
	EndGlobalSection
	GlobalSection(SolutionProperties) = preSolution
		HideSolutionNode = FALSE
	EndGlobalSection
	GlobalSection(ExtensibilityGlobals) = postSolution
		SolutionGuid = {459DFEBC-2777-4B5F-A3BF-A78F1A02148C}
	EndGlobalSection
EndGlobal
